// !$*UTF8*$!
{
	archiveVersion = 1;
	classes = {
	};
	objectVersion = 56;
	objects = {

/* Begin PBXBuildFile section */
		71ECDBA62B9C4CB3005752D3 /* Weather_API_APPApp.swift in Sources */ = {isa = PBXBuildFile; fileRef = 71ECDBA52B9C4CB3005752D3 /* Weather_API_APPApp.swift */; };
		71ECDBA82B9C4CB3005752D3 /* ContentView.swift in Sources */ = {isa = PBXBuildFile; fileRef = 71ECDBA72B9C4CB3005752D3 /* ContentView.swift */; };
		71ECDBAC2B9C4CB5005752D3 /* Assets.xcassets in Resources */ = {isa = PBXBuildFile; fileRef = 71ECDBAB2B9C4CB5005752D3 /* Assets.xcassets */; };
		71ECDBB82B9C5D48005752D3 /* APIManager.swift in Sources */ = {isa = PBXBuildFile; fileRef = 71ECDBB72B9C5D48005752D3 /* APIManager.swift */; };
		71ECDBBB2B9CA0AA005752D3 /* WeatherModel.swift in Sources */ = {isa = PBXBuildFile; fileRef = 71ECDBBA2B9CA0AA005752D3 /* WeatherModel.swift */; };
		71ECDBBD2B9CA3CA005752D3 /* SettingsManager.swift in Sources */ = {isa = PBXBuildFile; fileRef = 71ECDBBC2B9CA3CA005752D3 /* SettingsManager.swift */; };
		71ECDBBF2B9CA693005752D3 /* Enums.swift in Sources */ = {isa = PBXBuildFile; fileRef = 71ECDBBE2B9CA693005752D3 /* Enums.swift */; };
		71ECDBC12B9CB0D9005752D3 /* DebugUtils.swift in Sources */ = {isa = PBXBuildFile; fileRef = 71ECDBC02B9CB0D9005752D3 /* DebugUtils.swift */; };
		71ECDBCA2B9CBFB5005752D3 /* Helper.swift in Sources */ = {isa = PBXBuildFile; fileRef = 71ECDBC92B9CBFB5005752D3 /* Helper.swift */; };
		71ECDBCD2B9CC417005752D3 /* BookmarkManager.swift in Sources */ = {isa = PBXBuildFile; fileRef = 71ECDBCC2B9CC417005752D3 /* BookmarkManager.swift */; };
		71ECDBCF2B9CC616005752D3 /* DetailView.swift in Sources */ = {isa = PBXBuildFile; fileRef = 71ECDBCE2B9CC616005752D3 /* DetailView.swift */; };
		71ECDBD12B9CD065005752D3 /* HomeView.swift in Sources */ = {isa = PBXBuildFile; fileRef = 71ECDBD02B9CD065005752D3 /* HomeView.swift */; };
		71ECDBD32B9CDA2A005752D3 /* PairedRowText.swift in Sources */ = {isa = PBXBuildFile; fileRef = 71ECDBD22B9CDA2A005752D3 /* PairedRowText.swift */; };
		71ECDBD52B9CE199005752D3 /* LocationManager.swift in Sources */ = {isa = PBXBuildFile; fileRef = 71ECDBD42B9CE199005752D3 /* LocationManager.swift */; };
		71ECDBD72B9CEFFF005752D3 /* MockWeatherData.swift in Sources */ = {isa = PBXBuildFile; fileRef = 71ECDBD62B9CEFFF005752D3 /* MockWeatherData.swift */; };
/* End PBXBuildFile section */

/* Begin PBXFileReference section */
		71ECDBA22B9C4CB3005752D3 /* Weather-API-APP.app */ = {isa = PBXFileReference; explicitFileType = wrapper.application; includeInIndex = 0; path = "Weather-API-APP.app"; sourceTree = BUILT_PRODUCTS_DIR; };
		71ECDBA52B9C4CB3005752D3 /* Weather_API_APPApp.swift */ = {isa = PBXFileReference; lastKnownFileType = sourcecode.swift; path = Weather_API_APPApp.swift; sourceTree = "<group>"; };
		71ECDBA72B9C4CB3005752D3 /* ContentView.swift */ = {isa = PBXFileReference; lastKnownFileType = sourcecode.swift; path = ContentView.swift; sourceTree = "<group>"; };
		71ECDBAB2B9C4CB5005752D3 /* Assets.xcassets */ = {isa = PBXFileReference; lastKnownFileType = folder.assetcatalog; path = Assets.xcassets; sourceTree = "<group>"; };
		71ECDBB72B9C5D48005752D3 /* APIManager.swift */ = {isa = PBXFileReference; lastKnownFileType = sourcecode.swift; path = APIManager.swift; sourceTree = "<group>"; };
		71ECDBBA2B9CA0AA005752D3 /* WeatherModel.swift */ = {isa = PBXFileReference; lastKnownFileType = sourcecode.swift; path = WeatherModel.swift; sourceTree = "<group>"; };
		71ECDBBC2B9CA3CA005752D3 /* SettingsManager.swift */ = {isa = PBXFileReference; lastKnownFileType = sourcecode.swift; path = SettingsManager.swift; sourceTree = "<group>"; };
		71ECDBBE2B9CA693005752D3 /* Enums.swift */ = {isa = PBXFileReference; lastKnownFileType = sourcecode.swift; path = Enums.swift; sourceTree = "<group>"; };
		71ECDBC02B9CB0D9005752D3 /* DebugUtils.swift */ = {isa = PBXFileReference; lastKnownFileType = sourcecode.swift; path = DebugUtils.swift; sourceTree = "<group>"; };
		71ECDBC92B9CBFB5005752D3 /* Helper.swift */ = {isa = PBXFileReference; lastKnownFileType = sourcecode.swift; path = Helper.swift; sourceTree = "<group>"; };
		71ECDBCC2B9CC417005752D3 /* BookmarkManager.swift */ = {isa = PBXFileReference; lastKnownFileType = sourcecode.swift; path = BookmarkManager.swift; sourceTree = "<group>"; };
		71ECDBCE2B9CC616005752D3 /* DetailView.swift */ = {isa = PBXFileReference; lastKnownFileType = sourcecode.swift; path = DetailView.swift; sourceTree = "<group>"; };
		71ECDBD02B9CD065005752D3 /* HomeView.swift */ = {isa = PBXFileReference; lastKnownFileType = sourcecode.swift; path = HomeView.swift; sourceTree = "<group>"; };
		71ECDBD22B9CDA2A005752D3 /* PairedRowText.swift */ = {isa = PBXFileReference; lastKnownFileType = sourcecode.swift; path = PairedRowText.swift; sourceTree = "<group>"; };
		71ECDBD42B9CE199005752D3 /* LocationManager.swift */ = {isa = PBXFileReference; lastKnownFileType = sourcecode.swift; path = LocationManager.swift; sourceTree = "<group>"; };
		71ECDBD62B9CEFFF005752D3 /* MockWeatherData.swift */ = {isa = PBXFileReference; lastKnownFileType = sourcecode.swift; path = MockWeatherData.swift; sourceTree = "<group>"; };
/* End PBXFileReference section */

/* Begin PBXFrameworksBuildPhase section */
		71ECDB9F2B9C4CB3005752D3 /* Frameworks */ = {
			isa = PBXFrameworksBuildPhase;
			buildActionMask = 2147483647;
			files = (
			);
			runOnlyForDeploymentPostprocessing = 0;
		};
/* End PBXFrameworksBuildPhase section */

/* Begin PBXGroup section */
		71ECDB992B9C4CB3005752D3 = {
			isa = PBXGroup;
			children = (
				71ECDBA42B9C4CB3005752D3 /* Weather-API-APP */,
				71ECDBA32B9C4CB3005752D3 /* Products */,
			);
			sourceTree = "<group>";
		};
		71ECDBA32B9C4CB3005752D3 /* Products */ = {
			isa = PBXGroup;
			children = (
				71ECDBA22B9C4CB3005752D3 /* Weather-API-APP.app */,
			);
			name = Products;
			sourceTree = "<group>";
		};
		71ECDBA42B9C4CB3005752D3 /* Weather-API-APP */ = {
			isa = PBXGroup;
			children = (
				71ECDBA52B9C4CB3005752D3 /* Weather_API_APPApp.swift */,
				71ECDBB62B9C5D39005752D3 /* Managers */,
				71ECDBB52B9C5D31005752D3 /* Views */,
				71ECDBB92B9C5DE5005752D3 /* Model */,
				71ECDBCB2B9CC403005752D3 /* Utils */,
				71ECDBAB2B9C4CB5005752D3 /* Assets.xcassets */,
			);
			path = "Weather-API-APP";
			sourceTree = "<group>";
		};
		71ECDBB52B9C5D31005752D3 /* Views */ = {
			isa = PBXGroup;
			children = (
				71ECDBA72B9C4CB3005752D3 /* ContentView.swift */,
				71ECDBD02B9CD065005752D3 /* HomeView.swift */,
				71ECDBC62B9CBE7A005752D3 /* Components */,
				71ECDBC52B9CBE75005752D3 /* Landscape */,
				71ECDBC42B9CBE6D005752D3 /* Portrait */,
			);
			path = Views;
			sourceTree = "<group>";
		};
		71ECDBB62B9C5D39005752D3 /* Managers */ = {
			isa = PBXGroup;
			children = (
				71ECDBB72B9C5D48005752D3 /* APIManager.swift */,
				71ECDBBC2B9CA3CA005752D3 /* SettingsManager.swift */,
				71ECDBCC2B9CC417005752D3 /* BookmarkManager.swift */,
				71ECDBD42B9CE199005752D3 /* LocationManager.swift */,
			);
			path = Managers;
			sourceTree = "<group>";
		};
		71ECDBB92B9C5DE5005752D3 /* Model */ = {
			isa = PBXGroup;
			children = (
				71ECDBBA2B9CA0AA005752D3 /* WeatherModel.swift */,
				71ECDBD62B9CEFFF005752D3 /* MockWeatherData.swift */,
			);
			path = Model;
			sourceTree = "<group>";
		};
		71ECDBC42B9CBE6D005752D3 /* Portrait */ = {
			isa = PBXGroup;
			children = (
				71ECDBCE2B9CC616005752D3 /* DetailView.swift */,
			);
			path = Portrait;
			sourceTree = "<group>";
		};
		71ECDBC52B9CBE75005752D3 /* Landscape */ = {
			isa = PBXGroup;
			children = (
			);
			path = Landscape;
			sourceTree = "<group>";
		};
		71ECDBC62B9CBE7A005752D3 /* Components */ = {
			isa = PBXGroup;
			children = (
				71ECDBD22B9CDA2A005752D3 /* PairedRowText.swift */,
			);
			path = Components;
			sourceTree = "<group>";
		};
		71ECDBCB2B9CC403005752D3 /* Utils */ = {
			isa = PBXGroup;
			children = (
				71ECDBBE2B9CA693005752D3 /* Enums.swift */,
				71ECDBC02B9CB0D9005752D3 /* DebugUtils.swift */,
				71ECDBC92B9CBFB5005752D3 /* Helper.swift */,
			);
			path = Utils;
			sourceTree = "<group>";
		};
/* End PBXGroup section */

/* Begin PBXNativeTarget section */
		71ECDBA12B9C4CB3005752D3 /* Weather-API-APP */ = {
			isa = PBXNativeTarget;
			buildConfigurationList = 71ECDBB22B9C4CB5005752D3 /* Build configuration list for PBXNativeTarget "Weather-API-APP" */;
			buildPhases = (
				71ECDB9E2B9C4CB3005752D3 /* Sources */,
				71ECDB9F2B9C4CB3005752D3 /* Frameworks */,
				71ECDBA02B9C4CB3005752D3 /* Resources */,
			);
			buildRules = (
			);
			dependencies = (
			);
			name = "Weather-API-APP";
			productName = "Weather-API-APP";
			productReference = 71ECDBA22B9C4CB3005752D3 /* Weather-API-APP.app */;
			productType = "com.apple.product-type.application";
		};
/* End PBXNativeTarget section */

/* Begin PBXProject section */
		71ECDB9A2B9C4CB3005752D3 /* Project object */ = {
			isa = PBXProject;
			attributes = {
				BuildIndependentTargetsInParallel = 1;
				LastSwiftUpdateCheck = 1520;
				LastUpgradeCheck = 1520;
				TargetAttributes = {
					71ECDBA12B9C4CB3005752D3 = {
						CreatedOnToolsVersion = 15.2;
					};
				};
			};
			buildConfigurationList = 71ECDB9D2B9C4CB3005752D3 /* Build configuration list for PBXProject "Weather-API-APP" */;
			compatibilityVersion = "Xcode 14.0";
			developmentRegion = en;
			hasScannedForEncodings = 0;
			knownRegions = (
				en,
				Base,
			);
			mainGroup = 71ECDB992B9C4CB3005752D3;
			productRefGroup = 71ECDBA32B9C4CB3005752D3 /* Products */;
			projectDirPath = "";
			projectRoot = "";
			targets = (
				71ECDBA12B9C4CB3005752D3 /* Weather-API-APP */,
			);
		};
/* End PBXProject section */

/* Begin PBXResourcesBuildPhase section */
		71ECDBA02B9C4CB3005752D3 /* Resources */ = {
			isa = PBXResourcesBuildPhase;
			buildActionMask = 2147483647;
			files = (
				71ECDBAC2B9C4CB5005752D3 /* Assets.xcassets in Resources */,
			);
			runOnlyForDeploymentPostprocessing = 0;
		};
/* End PBXResourcesBuildPhase section */

/* Begin PBXSourcesBuildPhase section */
		71ECDB9E2B9C4CB3005752D3 /* Sources */ = {
			isa = PBXSourcesBuildPhase;
			buildActionMask = 2147483647;
			files = (
				71ECDBB82B9C5D48005752D3 /* APIManager.swift in Sources */,
				71ECDBBD2B9CA3CA005752D3 /* SettingsManager.swift in Sources */,
				71ECDBD72B9CEFFF005752D3 /* MockWeatherData.swift in Sources */,
				71ECDBA82B9C4CB3005752D3 /* ContentView.swift in Sources */,
				71ECDBBB2B9CA0AA005752D3 /* WeatherModel.swift in Sources */,
				71ECDBC12B9CB0D9005752D3 /* DebugUtils.swift in Sources */,
				71ECDBCA2B9CBFB5005752D3 /* Helper.swift in Sources */,
				71ECDBCD2B9CC417005752D3 /* BookmarkManager.swift in Sources */,
				71ECDBCF2B9CC616005752D3 /* DetailView.swift in Sources */,
				71ECDBD12B9CD065005752D3 /* HomeView.swift in Sources */,
				71ECDBD52B9CE199005752D3 /* LocationManager.swift in Sources */,
				71ECDBD32B9CDA2A005752D3 /* PairedRowText.swift in Sources */,
				71ECDBBF2B9CA693005752D3 /* Enums.swift in Sources */,
				71ECDBA62B9C4CB3005752D3 /* Weather_API_APPApp.swift in Sources */,
			);
			runOnlyForDeploymentPostprocessing = 0;
		};
/* End PBXSourcesBuildPhase section */

/* Begin XCBuildConfiguration section */
		71ECDBB02B9C4CB5005752D3 /* Debug */ = {
			isa = XCBuildConfiguration;
			buildSettings = {
				ALWAYS_SEARCH_USER_PATHS = NO;
				ASSETCATALOG_COMPILER_GENERATE_SWIFT_ASSET_SYMBOL_EXTENSIONS = YES;
				CLANG_ANALYZER_NONNULL = YES;
				CLANG_ANALYZER_NUMBER_OBJECT_CONVERSION = YES_AGGRESSIVE;
				CLANG_CXX_LANGUAGE_STANDARD = "gnu++20";
				CLANG_ENABLE_MODULES = YES;
				CLANG_ENABLE_OBJC_ARC = YES;
				CLANG_ENABLE_OBJC_WEAK = YES;
				CLANG_WARN_BLOCK_CAPTURE_AUTORELEASING = YES;
				CLANG_WARN_BOOL_CONVERSION = YES;
				CLANG_WARN_COMMA = YES;
				CLANG_WARN_CONSTANT_CONVERSION = YES;
				CLANG_WARN_DEPRECATED_OBJC_IMPLEMENTATIONS = YES;
				CLANG_WARN_DIRECT_OBJC_ISA_USAGE = YES_ERROR;
				CLANG_WARN_DOCUMENTATION_COMMENTS = YES;
				CLANG_WARN_EMPTY_BODY = YES;
				CLANG_WARN_ENUM_CONVERSION = YES;
				CLANG_WARN_INFINITE_RECURSION = YES;
				CLANG_WARN_INT_CONVERSION = YES;
				CLANG_WARN_NON_LITERAL_NULL_CONVERSION = YES;
				CLANG_WARN_OBJC_IMPLICIT_RETAIN_SELF = YES;
				CLANG_WARN_OBJC_LITERAL_CONVERSION = YES;
				CLANG_WARN_OBJC_ROOT_CLASS = YES_ERROR;
				CLANG_WARN_QUOTED_INCLUDE_IN_FRAMEWORK_HEADER = YES;
				CLANG_WARN_RANGE_LOOP_ANALYSIS = YES;
				CLANG_WARN_STRICT_PROTOTYPES = YES;
				CLANG_WARN_SUSPICIOUS_MOVE = YES;
				CLANG_WARN_UNGUARDED_AVAILABILITY = YES_AGGRESSIVE;
				CLANG_WARN_UNREACHABLE_CODE = YES;
				CLANG_WARN__DUPLICATE_METHOD_MATCH = YES;
				COPY_PHASE_STRIP = NO;
				DEBUG_INFORMATION_FORMAT = dwarf;
				ENABLE_STRICT_OBJC_MSGSEND = YES;
				ENABLE_TESTABILITY = YES;
				ENABLE_USER_SCRIPT_SANDBOXING = YES;
				GCC_C_LANGUAGE_STANDARD = gnu17;
				GCC_DYNAMIC_NO_PIC = NO;
				GCC_NO_COMMON_BLOCKS = YES;
				GCC_OPTIMIZATION_LEVEL = 0;
				GCC_PREPROCESSOR_DEFINITIONS = (
					"DEBUG=1",
					"$(inherited)",
				);
				GCC_WARN_64_TO_32_BIT_CONVERSION = YES;
				GCC_WARN_ABOUT_RETURN_TYPE = YES_ERROR;
				GCC_WARN_UNDECLARED_SELECTOR = YES;
				GCC_WARN_UNINITIALIZED_AUTOS = YES_AGGRESSIVE;
				GCC_WARN_UNUSED_FUNCTION = YES;
				GCC_WARN_UNUSED_VARIABLE = YES;
				IPHONEOS_DEPLOYMENT_TARGET = 17.2;
				LOCALIZATION_PREFERS_STRING_CATALOGS = YES;
				MTL_ENABLE_DEBUG_INFO = INCLUDE_SOURCE;
				MTL_FAST_MATH = YES;
				ONLY_ACTIVE_ARCH = YES;
				SDKROOT = iphoneos;
				SWIFT_ACTIVE_COMPILATION_CONDITIONS = "DEBUG $(inherited)";
				SWIFT_OPTIMIZATION_LEVEL = "-Onone";
			};
			name = Debug;
		};
		71ECDBB12B9C4CB5005752D3 /* Release */ = {
			isa = XCBuildConfiguration;
			buildSettings = {
				ALWAYS_SEARCH_USER_PATHS = NO;
				ASSETCATALOG_COMPILER_GENERATE_SWIFT_ASSET_SYMBOL_EXTENSIONS = YES;
				CLANG_ANALYZER_NONNULL = YES;
				CLANG_ANALYZER_NUMBER_OBJECT_CONVERSION = YES_AGGRESSIVE;
				CLANG_CXX_LANGUAGE_STANDARD = "gnu++20";
				CLANG_ENABLE_MODULES = YES;
				CLANG_ENABLE_OBJC_ARC = YES;
				CLANG_ENABLE_OBJC_WEAK = YES;
				CLANG_WARN_BLOCK_CAPTURE_AUTORELEASING = YES;
				CLANG_WARN_BOOL_CONVERSION = YES;
				CLANG_WARN_COMMA = YES;
				CLANG_WARN_CONSTANT_CONVERSION = YES;
				CLANG_WARN_DEPRECATED_OBJC_IMPLEMENTATIONS = YES;
				CLANG_WARN_DIRECT_OBJC_ISA_USAGE = YES_ERROR;
				CLANG_WARN_DOCUMENTATION_COMMENTS = YES;
				CLANG_WARN_EMPTY_BODY = YES;
				CLANG_WARN_ENUM_CONVERSION = YES;
				CLANG_WARN_INFINITE_RECURSION = YES;
				CLANG_WARN_INT_CONVERSION = YES;
				CLANG_WARN_NON_LITERAL_NULL_CONVERSION = YES;
				CLANG_WARN_OBJC_IMPLICIT_RETAIN_SELF = YES;
				CLANG_WARN_OBJC_LITERAL_CONVERSION = YES;
				CLANG_WARN_OBJC_ROOT_CLASS = YES_ERROR;
				CLANG_WARN_QUOTED_INCLUDE_IN_FRAMEWORK_HEADER = YES;
				CLANG_WARN_RANGE_LOOP_ANALYSIS = YES;
				CLANG_WARN_STRICT_PROTOTYPES = YES;
				CLANG_WARN_SUSPICIOUS_MOVE = YES;
				CLANG_WARN_UNGUARDED_AVAILABILITY = YES_AGGRESSIVE;
				CLANG_WARN_UNREACHABLE_CODE = YES;
				CLANG_WARN__DUPLICATE_METHOD_MATCH = YES;
				COPY_PHASE_STRIP = NO;
				DEBUG_INFORMATION_FORMAT = "dwarf-with-dsym";
				ENABLE_NS_ASSERTIONS = NO;
				ENABLE_STRICT_OBJC_MSGSEND = YES;
				ENABLE_USER_SCRIPT_SANDBOXING = YES;
				GCC_C_LANGUAGE_STANDARD = gnu17;
				GCC_NO_COMMON_BLOCKS = YES;
				GCC_WARN_64_TO_32_BIT_CONVERSION = YES;
				GCC_WARN_ABOUT_RETURN_TYPE = YES_ERROR;
				GCC_WARN_UNDECLARED_SELECTOR = YES;
				GCC_WARN_UNINITIALIZED_AUTOS = YES_AGGRESSIVE;
				GCC_WARN_UNUSED_FUNCTION = YES;
				GCC_WARN_UNUSED_VARIABLE = YES;
				IPHONEOS_DEPLOYMENT_TARGET = 17.2;
				LOCALIZATION_PREFERS_STRING_CATALOGS = YES;
				MTL_ENABLE_DEBUG_INFO = NO;
				MTL_FAST_MATH = YES;
				SDKROOT = iphoneos;
				SWIFT_COMPILATION_MODE = wholemodule;
				VALIDATE_PRODUCT = YES;
			};
			name = Release;
		};
		71ECDBB32B9C4CB5005752D3 /* Debug */ = {
			isa = XCBuildConfiguration;
			buildSettings = {
				ASSETCATALOG_COMPILER_APPICON_NAME = AppIcon;
				ASSETCATALOG_COMPILER_GLOBAL_ACCENT_COLOR_NAME = AccentColor;
				CODE_SIGN_STYLE = Automatic;
				CURRENT_PROJECT_VERSION = 1;
				DEVELOPMENT_TEAM = U442ACHGQ8;
				ENABLE_PREVIEWS = YES;
				GENERATE_INFOPLIST_FILE = YES;
				INFOPLIST_KEY_UIApplicationSceneManifest_Generation = YES;
				INFOPLIST_KEY_UIApplicationSupportsIndirectInputEvents = YES;
				INFOPLIST_KEY_UILaunchScreen_Generation = YES;
				INFOPLIST_KEY_UISupportedInterfaceOrientations_iPad = "UIInterfaceOrientationPortrait UIInterfaceOrientationPortraitUpsideDown UIInterfaceOrientationLandscapeLeft UIInterfaceOrientationLandscapeRight";
				INFOPLIST_KEY_UISupportedInterfaceOrientations_iPhone = "UIInterfaceOrientationPortrait UIInterfaceOrientationLandscapeLeft UIInterfaceOrientationLandscapeRight";
				LD_RUNPATH_SEARCH_PATHS = (
					"$(inherited)",
					"@executable_path/Frameworks",
				);
				MARKETING_VERSION = 1.0;
				PRODUCT_BUNDLE_IDENTIFIER = "com.fadhli.firdaus.Weather-API-APP";
				PRODUCT_NAME = "$(TARGET_NAME)";
				SWIFT_EMIT_LOC_STRINGS = YES;
				SWIFT_VERSION = 5.0;
				TARGETED_DEVICE_FAMILY = "1,2";
			};
			name = Debug;
		};
		71ECDBB42B9C4CB5005752D3 /* Release */ = {
			isa = XCBuildConfiguration;
			buildSettings = {
				ASSETCATALOG_COMPILER_APPICON_NAME = AppIcon;
				ASSETCATALOG_COMPILER_GLOBAL_ACCENT_COLOR_NAME = AccentColor;
				CODE_SIGN_STYLE = Automatic;
				CURRENT_PROJECT_VERSION = 1;
				DEVELOPMENT_TEAM = U442ACHGQ8;
				ENABLE_PREVIEWS = YES;
				GENERATE_INFOPLIST_FILE = YES;
				INFOPLIST_KEY_UIApplicationSceneManifest_Generation = YES;
				INFOPLIST_KEY_UIApplicationSupportsIndirectInputEvents = YES;
				INFOPLIST_KEY_UILaunchScreen_Generation = YES;
				INFOPLIST_KEY_UISupportedInterfaceOrientations_iPad = "UIInterfaceOrientationPortrait UIInterfaceOrientationPortraitUpsideDown UIInterfaceOrientationLandscapeLeft UIInterfaceOrientationLandscapeRight";
				INFOPLIST_KEY_UISupportedInterfaceOrientations_iPhone = "UIInterfaceOrientationPortrait UIInterfaceOrientationLandscapeLeft UIInterfaceOrientationLandscapeRight";
				LD_RUNPATH_SEARCH_PATHS = (
					"$(inherited)",
					"@executable_path/Frameworks",
				);
				MARKETING_VERSION = 1.0;
				PRODUCT_BUNDLE_IDENTIFIER = "com.fadhli.firdaus.Weather-API-APP";
				PRODUCT_NAME = "$(TARGET_NAME)";
				SWIFT_EMIT_LOC_STRINGS = YES;
				SWIFT_VERSION = 5.0;
				TARGETED_DEVICE_FAMILY = "1,2";
			};
			name = Release;
		};
/* End XCBuildConfiguration section */

/* Begin XCConfigurationList section */
		71ECDB9D2B9C4CB3005752D3 /* Build configuration list for PBXProject "Weather-API-APP" */ = {
			isa = XCConfigurationList;
			buildConfigurations = (
				71ECDBB02B9C4CB5005752D3 /* Debug */,
				71ECDBB12B9C4CB5005752D3 /* Release */,
			);
			defaultConfigurationIsVisible = 0;
			defaultConfigurationName = Release;
		};
		71ECDBB22B9C4CB5005752D3 /* Build configuration list for PBXNativeTarget "Weather-API-APP" */ = {
			isa = XCConfigurationList;
			buildConfigurations = (
				71ECDBB32B9C4CB5005752D3 /* Debug */,
				71ECDBB42B9C4CB5005752D3 /* Release */,
			);
			defaultConfigurationIsVisible = 0;
			defaultConfigurationName = Release;
		};
/* End XCConfigurationList section */
	};
	rootObject = 71ECDB9A2B9C4CB3005752D3 /* Project object */;
}
